
Microsoft Visual Studio Solution File, Format Version 10.00
# Visual Studio 2008
Project("{8BC9CEB8-8B4A-11D0-8D11-00A0C91BC942}") = "aa_demo", "aa_demo\aa_demo.vcproj", "{BF0F6894-54AC-47D4-8DA5-7178E1D31277}"
EndProject
Project("{8BC9CEB8-8B4A-11D0-8D11-00A0C91BC942}") = "aa_test", "aa_test\aa_test.vcproj", "{5BCF824A-AB86-4773-B1A6-60CB3DCE557D}"
EndProject
Project("{8BC9CEB8-8B4A-11D0-8D11-00A0C91BC942}") = "alpha_gradient", "alpha_gradient\alpha_gradient.vcproj", "{20A7A283-ADFB-4CCF-8BF4-69FC47D3EC50}"
EndProject
Project("{8BC9CEB8-8B4A-11D0-8D11-00A0C91BC942}") = "alpha_mask", "alpha_mask\alpha_mask.vcproj", "{D76F6346-7AC3-4D4C-8469-B00BCC74AC4C}"
EndProject
Project("{8BC9CEB8-8B4A-11D0-8D11-00A0C91BC942}") = "alpha_mask2", "alpha_mask2\alpha_mask2.vcproj", "{40C75F6B-18C6-4ECE-806C-C324022A43E7}"
EndProject
Project("{8BC9CEB8-8B4A-11D0-8D11-00A0C91BC942}") = "alpha_mask3", "alpha_mask3\alpha_mask3.vcproj", "{E092DA0E-7322-45F4-A70B-28D1C3B345FE}"
EndProject
Project("{8BC9CEB8-8B4A-11D0-8D11-00A0C91BC942}") = "bezier_div", "bezier_div\bezier_div.vcproj", "{941AFCE8-E675-4562-9CF4-D47D6E26C074}"
EndProject
Project("{8BC9CEB8-8B4A-11D0-8D11-00A0C91BC942}") = "blend_color", "blend_color\blend_color.vcproj", "{44346AEC-B582-4841-A06A-92F44F012DD5}"
EndProject
Project("{8BC9CEB8-8B4A-11D0-8D11-00A0C91BC942}") = "blur", "blur\blur.vcproj", "{C5A29FFE-3E6C-4CC7-8149-4A643DDE93E9}"
EndProject
Project("{8BC9CEB8-8B4A-11D0-8D11-00A0C91BC942}") = "bspline", "bspline\bspline.vcproj", "{5EBA759A-4ACB-4DD2-878A-A62A42A6FDFC}"
EndProject
Project("{8BC9CEB8-8B4A-11D0-8D11-00A0C91BC942}") = "circles", "circles\circles.vcproj", "{D1DD77CC-E90E-41E1-8FC4-23BA3D720ECD}"
EndProject
Project("{8BC9CEB8-8B4A-11D0-8D11-00A0C91BC942}") = "component_rendering", "component_rendering\component_rendering.vcproj", "{D0EB4D87-BF3E-4506-BFC3-DD3A589600A6}"
EndProject
Project("{8BC9CEB8-8B4A-11D0-8D11-00A0C91BC942}") = "compositing", "compositing\compositing.vcproj", "{F8B0951F-BEB4-42CA-9E1D-6CDF41F088D0}"
EndProject
Project("{8BC9CEB8-8B4A-11D0-8D11-00A0C91BC942}") = "compositing2", "compositing2\compositing2.vcproj", "{0317A5C4-CA7D-454A-A632-D4BB32167EDE}"
EndProject
Project("{8BC9CEB8-8B4A-11D0-8D11-00A0C91BC942}") = "conv_contour", "conv_contour\conv_contour.vcproj", "{238C6CD3-F259-42CB-9460-BC6EDFDA6F74}"
EndProject
Project("{8BC9CEB8-8B4A-11D0-8D11-00A0C91BC942}") = "conv_dash_marker", "conv_dash_marker\conv_dash_marker.vcproj", "{20332DE9-05B7-4AE7-8FE7-871E7A3A8E8B}"
EndProject
Project("{8BC9CEB8-8B4A-11D0-8D11-00A0C91BC942}") = "conv_stroke", "conv_stroke\conv_stroke.vcproj", "{B21A7885-274C-47B4-9049-2D8022171ECB}"
EndProject
Project("{8BC9CEB8-8B4A-11D0-8D11-00A0C91BC942}") = "distortions", "distortions\distortions.vcproj", "{BD87E2B6-C038-4674-A60D-E597396FB19D}"
EndProject
Project("{8BC9CEB8-8B4A-11D0-8D11-00A0C91BC942}") = "flash_rasterizer", "flash_rasterizer\flash_rasterizer.vcproj", "{762B1BBE-A409-4692-97A2-067CD6C68934}"
EndProject
Project("{8BC9CEB8-8B4A-11D0-8D11-00A0C91BC942}") = "flash_rasterizer2", "flash_rasterizer2\flash_rasterizer2.vcproj", "{B62FF04C-CD90-4EA6-8A8A-19A0B419880C}"
EndProject
Project("{8BC9CEB8-8B4A-11D0-8D11-00A0C91BC942}") = "gamma_correction", "gamma_correction\gamma_correction.vcproj", "{2A16454C-ED17-430B-8589-180A7E6DEF27}"
EndProject
Project("{8BC9CEB8-8B4A-11D0-8D11-00A0C91BC942}") = "gamma_ctrl", "gamma_ctrl\gamma_ctrl.vcproj", "{EB03D316-FA6B-40C5-AF91-BE6D5FCF7D01}"
EndProject
Project("{8BC9CEB8-8B4A-11D0-8D11-00A0C91BC942}") = "gamma_tuner", "gamma_tuner\gamma_tuner.vcproj", "{3EDAFCE2-A8B9-4FD4-BF73-581843D9A9E5}"
EndProject
Project("{8BC9CEB8-8B4A-11D0-8D11-00A0C91BC942}") = "gouraud", "gouraud\gouraud.vcproj", "{BAB8F612-B2C3-4C4C-925B-504DE61AA8F7}"
EndProject
Project("{8BC9CEB8-8B4A-11D0-8D11-00A0C91BC942}") = "gouraud_mesh", "gouraud_mesh\gouraud_mesh.vcproj", "{3D699481-ACC8-45C2-BCBF-F33507979968}"
EndProject
Project("{8BC9CEB8-8B4A-11D0-8D11-00A0C91BC942}") = "gpc_test", "gpc_test\gpc_test.vcproj", "{39F72422-B307-428F-AA92-3C39712D9519}"
EndProject
Project("{8BC9CEB8-8B4A-11D0-8D11-00A0C91BC942}") = "gradient_focal", "gradient_focal\gradient_focal.vcproj", "{E3D17CE3-6278-4443-9741-B92549CDAF1F}"
EndProject
Project("{8BC9CEB8-8B4A-11D0-8D11-00A0C91BC942}") = "gradients", "gradients\gradients.vcproj", "{19637F55-291B-4B69-937A-FE04A3C290E7}"
EndProject
Project("{8BC9CEB8-8B4A-11D0-8D11-00A0C91BC942}") = "graph_test", "graph_test\graph_test.vcproj", "{CBFBDBF5-9152-40E4-9F62-8AEC7EF347AF}"
EndProject
Project("{8BC9CEB8-8B4A-11D0-8D11-00A0C91BC942}") = "idea", "idea\idea.vcproj", "{1A06DE01-B1B5-4A8D-8353-21357AC212CB}"
EndProject
Project("{8BC9CEB8-8B4A-11D0-8D11-00A0C91BC942}") = "image1", "image1\image1.vcproj", "{71EC274A-A5B3-4D36-9E14-8F699F6C9EA6}"
EndProject
Project("{8BC9CEB8-8B4A-11D0-8D11-00A0C91BC942}") = "image_alpha", "image_alpha\image_alpha.vcproj", "{B493EB8E-FDB9-4DEE-8BDE-EF6DEAEEDE21}"
EndProject
Project("{8BC9CEB8-8B4A-11D0-8D11-00A0C91BC942}") = "image_filters", "image_filters\image_filters.vcproj", "{F32B974F-7635-40E6-9D3C-AE2D1701B432}"
EndProject
Project("{8BC9CEB8-8B4A-11D0-8D11-00A0C91BC942}") = "image_filters2", "image_filters2\image_filters2.vcproj", "{1D6F732F-3226-4168-89D5-EA6E25A8BEFB}"
EndProject
Project("{8BC9CEB8-8B4A-11D0-8D11-00A0C91BC942}") = "image_fltr_graph", "image_fltr_graph\image_fltr_graph.vcproj", "{81396C54-B12C-4216-8240-89BDA475EB4A}"
EndProject
Project("{8BC9CEB8-8B4A-11D0-8D11-00A0C91BC942}") = "image_perspective", "image_perspective\image_perspective.vcproj", "{B44D169F-9847-4074-A36A-A3825DD4D4DB}"
EndProject
Project("{8BC9CEB8-8B4A-11D0-8D11-00A0C91BC942}") = "image_resample", "image_resample\image_resample.vcproj", "{8538BE79-2D6E-49F6-824E-D523445D4780}"
EndProject
Project("{8BC9CEB8-8B4A-11D0-8D11-00A0C91BC942}") = "image_transforms", "image_transforms\image_transforms.vcproj", "{46EBCF64-CC1B-454D-9117-A32582DDB6AE}"
EndProject
Project("{8BC9CEB8-8B4A-11D0-8D11-00A0C91BC942}") = "line_patterns", "line_patterns\line_patterns.vcproj", "{ACE0BCA1-77DE-412A-82DB-4DF6CA87CCC9}"
EndProject
Project("{8BC9CEB8-8B4A-11D0-8D11-00A0C91BC942}") = "line_patterns_clip", "line_patterns_clip\line_patterns_clip.vcproj", "{E8590146-3EF0-4987-B92E-DFCC393D9ECA}"
EndProject
Project("{8BC9CEB8-8B4A-11D0-8D11-00A0C91BC942}") = "lion", "lion\lion.vcproj", "{9F56E6FA-87E0-437E-B65A-E5D161E13DE2}"
EndProject
Project("{8BC9CEB8-8B4A-11D0-8D11-00A0C91BC942}") = "lion_lens", "lion_lens\lion_lens.vcproj", "{2FCFD605-52CE-4F52-A840-DEF3B0BE0730}"
EndProject
Project("{8BC9CEB8-8B4A-11D0-8D11-00A0C91BC942}") = "lion_outline", "lion_outline\lion_outline.vcproj", "{B84651F9-9918-4864-9CAF-8B0083F3C377}"
EndProject
Project("{8BC9CEB8-8B4A-11D0-8D11-00A0C91BC942}") = "mol_view", "mol_view\mol_view.vcproj", "{CEA85446-2E95-4EDB-962C-E05709671DA0}"
EndProject
Project("{8BC9CEB8-8B4A-11D0-8D11-00A0C91BC942}") = "multi_clip", "multi_clip\multi_clip.vcproj", "{8540377D-2FB1-41A8-B789-779C95A2DE97}"
EndProject
Project("{8BC9CEB8-8B4A-11D0-8D11-00A0C91BC942}") = "pattern_fill", "pattern_fill\pattern_fill.vcproj", "{10CF9F40-6C07-492D-9D46-CC27015319B0}"
EndProject
Project("{8BC9CEB8-8B4A-11D0-8D11-00A0C91BC942}") = "pattern_perspective", "pattern_perspective\pattern_perspective.vcproj", "{2C13AB0E-E3FB-43AE-A055-C6684EA47C3D}"
EndProject
Project("{8BC9CEB8-8B4A-11D0-8D11-00A0C91BC942}") = "perspective", "perspective\perspective.vcproj", "{768CF156-CE1E-4F38-82BB-A3DD1040928B}"
EndProject
Project("{8BC9CEB8-8B4A-11D0-8D11-00A0C91BC942}") = "polymorphic_renderer", "polymorphic_renderer\polymorphic_renderer.vcproj", "{3D2D6C5F-15E8-42B4-9747-15C621A965D3}"
EndProject
Project("{8BC9CEB8-8B4A-11D0-8D11-00A0C91BC942}") = "pure_api", "pure_api\pure_api.vcproj", "{CC74C382-12C3-46E2-A394-FDBD9155407D}"
EndProject
Project("{8BC9CEB8-8B4A-11D0-8D11-00A0C91BC942}") = "raster_text", "raster_text\raster_text.vcproj", "{F0601F7C-5021-4E0D-BF4B-5648D31AEE09}"
EndProject
Project("{8BC9CEB8-8B4A-11D0-8D11-00A0C91BC942}") = "rasterizer_compound", "rasterizer_compound\rasterizer_compound.vcproj", "{CF72A41F-09A9-40A3-A36D-70ACA1BB285B}"
EndProject
Project("{8BC9CEB8-8B4A-11D0-8D11-00A0C91BC942}") = "rasterizers", "rasterizers\rasterizers.vcproj", "{3CBD3561-687B-44C9-A3C3-F8E25E8F563F}"
EndProject
Project("{8BC9CEB8-8B4A-11D0-8D11-00A0C91BC942}") = "rasterizers2", "rasterizers2\rasterizers2.vcproj", "{96087BB1-D0C4-459F-8B24-35C61A82BBD1}"
EndProject
Project("{8BC9CEB8-8B4A-11D0-8D11-00A0C91BC942}") = "rounded_rect", "rounded_rect\rounded_rect.vcproj", "{B50370E5-8B9E-4605-8187-0568AE4F0EAE}"
EndProject
Project("{8BC9CEB8-8B4A-11D0-8D11-00A0C91BC942}") = "scanline_boolean", "scanline_boolean\scanline_boolean.vcproj", "{C926C5AD-D27A-4D57-AD7B-48905A978228}"
EndProject
Project("{8BC9CEB8-8B4A-11D0-8D11-00A0C91BC942}") = "scanline_boolean2", "scanline_boolean2\scanline_boolean2.vcproj", "{B571CE5B-D8D8-48F3-8C04-7881EE5039FB}"
EndProject
Project("{8BC9CEB8-8B4A-11D0-8D11-00A0C91BC942}") = "simple_blur", "simple_blur\simple_blur.vcproj", "{153B20B3-A9FC-42B3-8DF8-5AF921F8AA7C}"
EndProject
Project("{8BC9CEB8-8B4A-11D0-8D11-00A0C91BC942}") = "trans_curve1", "trans_curve1\trans_curve1.vcproj", "{5B89EE2B-3F00-404C-BF40-8A19FAFA49D8}"
EndProject
Project("{8BC9CEB8-8B4A-11D0-8D11-00A0C91BC942}") = "trans_curve2", "trans_curve2\trans_curve2.vcproj", "{C9EAE432-E264-4DE3-B214-EE95A5BF5611}"
EndProject
Project("{8BC9CEB8-8B4A-11D0-8D11-00A0C91BC942}") = "trans_polar", "trans_polar\trans_polar.vcproj", "{63DA9C7D-05C4-49FC-A609-E117B92D42B6}"
EndProject
Project("{8BC9CEB8-8B4A-11D0-8D11-00A0C91BC942}") = "truetype_test", "truetype_test\truetype_test.vcproj", "{70FBC271-D313-4E9F-BA91-90C3992EE96B}"
EndProject
Project("{8BC9CEB8-8B4A-11D0-8D11-00A0C91BC942}") = "svg_test", "svg_test\svg_test.vcproj", "{4967FC28-789A-4401-928A-8BE22B209DF9}"
EndProject
Global
	GlobalSection(SolutionConfigurationPlatforms) = preSolution
		Debug|Win32 = Debug|Win32
		Release|Win32 = Release|Win32
	EndGlobalSection
	GlobalSection(ProjectConfigurationPlatforms) = postSolution
		{BF0F6894-54AC-47D4-8DA5-7178E1D31277}.Debug|Win32.ActiveCfg = Debug|Win32
		{BF0F6894-54AC-47D4-8DA5-7178E1D31277}.Debug|Win32.Build.0 = Debug|Win32
		{BF0F6894-54AC-47D4-8DA5-7178E1D31277}.Release|Win32.ActiveCfg = Release|Win32
		{BF0F6894-54AC-47D4-8DA5-7178E1D31277}.Release|Win32.Build.0 = Release|Win32
		{5BCF824A-AB86-4773-B1A6-60CB3DCE557D}.Debug|Win32.ActiveCfg = Debug|Win32
		{5BCF824A-AB86-4773-B1A6-60CB3DCE557D}.Debug|Win32.Build.0 = Debug|Win32
		{5BCF824A-AB86-4773-B1A6-60CB3DCE557D}.Release|Win32.ActiveCfg = Release|Win32
		{5BCF824A-AB86-4773-B1A6-60CB3DCE557D}.Release|Win32.Build.0 = Release|Win32
		{20A7A283-ADFB-4CCF-8BF4-69FC47D3EC50}.Debug|Win32.ActiveCfg = Debug|Win32
		{20A7A283-ADFB-4CCF-8BF4-69FC47D3EC50}.Debug|Win32.Build.0 = Debug|Win32
		{20A7A283-ADFB-4CCF-8BF4-69FC47D3EC50}.Release|Win32.ActiveCfg = Release|Win32
		{20A7A283-ADFB-4CCF-8BF4-69FC47D3EC50}.Release|Win32.Build.0 = Release|Win32
		{D76F6346-7AC3-4D4C-8469-B00BCC74AC4C}.Debug|Win32.ActiveCfg = Debug|Win32
		{D76F6346-7AC3-4D4C-8469-B00BCC74AC4C}.Debug|Win32.Build.0 = Debug|Win32
		{D76F6346-7AC3-4D4C-8469-B00BCC74AC4C}.Release|Win32.ActiveCfg = Release|Win32
		{D76F6346-7AC3-4D4C-8469-B00BCC74AC4C}.Release|Win32.Build.0 = Release|Win32
		{40C75F6B-18C6-4ECE-806C-C324022A43E7}.Debug|Win32.ActiveCfg = Debug|Win32
		{40C75F6B-18C6-4ECE-806C-C324022A43E7}.Debug|Win32.Build.0 = Debug|Win32
		{40C75F6B-18C6-4ECE-806C-C324022A43E7}.Release|Win32.ActiveCfg = Release|Win32
		{40C75F6B-18C6-4ECE-806C-C324022A43E7}.Release|Win32.Build.0 = Release|Win32
		{E092DA0E-7322-45F4-A70B-28D1C3B345FE}.Debug|Win32.ActiveCfg = Debug|Win32
		{E092DA0E-7322-45F4-A70B-28D1C3B345FE}.Debug|Win32.Build.0 = Debug|Win32
		{E092DA0E-7322-45F4-A70B-28D1C3B345FE}.Release|Win32.ActiveCfg = Release|Win32
		{E092DA0E-7322-45F4-A70B-28D1C3B345FE}.Release|Win32.Build.0 = Release|Win32
		{941AFCE8-E675-4562-9CF4-D47D6E26C074}.Debug|Win32.ActiveCfg = Debug|Win32
		{941AFCE8-E675-4562-9CF4-D47D6E26C074}.Debug|Win32.Build.0 = Debug|Win32
		{941AFCE8-E675-4562-9CF4-D47D6E26C074}.Release|Win32.ActiveCfg = Release|Win32
		{941AFCE8-E675-4562-9CF4-D47D6E26C074}.Release|Win32.Build.0 = Release|Win32
		{44346AEC-B582-4841-A06A-92F44F012DD5}.Debug|Win32.ActiveCfg = Debug|Win32
		{44346AEC-B582-4841-A06A-92F44F012DD5}.Debug|Win32.Build.0 = Debug|Win32
		{44346AEC-B582-4841-A06A-92F44F012DD5}.Release|Win32.ActiveCfg = Release|Win32
		{44346AEC-B582-4841-A06A-92F44F012DD5}.Release|Win32.Build.0 = Release|Win32
		{C5A29FFE-3E6C-4CC7-8149-4A643DDE93E9}.Debug|Win32.ActiveCfg = Debug|Win32
		{C5A29FFE-3E6C-4CC7-8149-4A643DDE93E9}.Debug|Win32.Build.0 = Debug|Win32
		{C5A29FFE-3E6C-4CC7-8149-4A643DDE93E9}.Release|Win32.ActiveCfg = Release|Win32
		{C5A29FFE-3E6C-4CC7-8149-4A643DDE93E9}.Release|Win32.Build.0 = Release|Win32
		{5EBA759A-4ACB-4DD2-878A-A62A42A6FDFC}.Debug|Win32.ActiveCfg = Debug|Win32
		{5EBA759A-4ACB-4DD2-878A-A62A42A6FDFC}.Debug|Win32.Build.0 = Debug|Win32
		{5EBA759A-4ACB-4DD2-878A-A62A42A6FDFC}.Release|Win32.ActiveCfg = Release|Win32
		{5EBA759A-4ACB-4DD2-878A-A62A42A6FDFC}.Release|Win32.Build.0 = Release|Win32
		{D1DD77CC-E90E-41E1-8FC4-23BA3D720ECD}.Debug|Win32.ActiveCfg = Debug|Win32
		{D1DD77CC-E90E-41E1-8FC4-23BA3D720ECD}.Debug|Win32.Build.0 = Debug|Win32
		{D1DD77CC-E90E-41E1-8FC4-23BA3D720ECD}.Release|Win32.ActiveCfg = Release|Win32
		{D1DD77CC-E90E-41E1-8FC4-23BA3D720ECD}.Release|Win32.Build.0 = Release|Win32
		{D0EB4D87-BF3E-4506-BFC3-DD3A589600A6}.Debug|Win32.ActiveCfg = Debug|Win32
		{D0EB4D87-BF3E-4506-BFC3-DD3A589600A6}.Debug|Win32.Build.0 = Debug|Win32
		{D0EB4D87-BF3E-4506-BFC3-DD3A589600A6}.Release|Win32.ActiveCfg = Release|Win32
		{D0EB4D87-BF3E-4506-BFC3-DD3A589600A6}.Release|Win32.Build.0 = Release|Win32
		{F8B0951F-BEB4-42CA-9E1D-6CDF41F088D0}.Debug|Win32.ActiveCfg = Debug|Win32
		{F8B0951F-BEB4-42CA-9E1D-6CDF41F088D0}.Debug|Win32.Build.0 = Debug|Win32
		{F8B0951F-BEB4-42CA-9E1D-6CDF41F088D0}.Release|Win32.ActiveCfg = Release|Win32
		{F8B0951F-BEB4-42CA-9E1D-6CDF41F088D0}.Release|Win32.Build.0 = Release|Win32
		{0317A5C4-CA7D-454A-A632-D4BB32167EDE}.Debug|Win32.ActiveCfg = Debug|Win32
		{0317A5C4-CA7D-454A-A632-D4BB32167EDE}.Debug|Win32.Build.0 = Debug|Win32
		{0317A5C4-CA7D-454A-A632-D4BB32167EDE}.Release|Win32.ActiveCfg = Release|Win32
		{0317A5C4-CA7D-454A-A632-D4BB32167EDE}.Release|Win32.Build.0 = Release|Win32
		{238C6CD3-F259-42CB-9460-BC6EDFDA6F74}.Debug|Win32.ActiveCfg = Debug|Win32
		{238C6CD3-F259-42CB-9460-BC6EDFDA6F74}.Debug|Win32.Build.0 = Debug|Win32
		{238C6CD3-F259-42CB-9460-BC6EDFDA6F74}.Release|Win32.ActiveCfg = Release|Win32
		{238C6CD3-F259-42CB-9460-BC6EDFDA6F74}.Release|Win32.Build.0 = Release|Win32
		{20332DE9-05B7-4AE7-8FE7-871E7A3A8E8B}.Debug|Win32.ActiveCfg = Debug|Win32
		{20332DE9-05B7-4AE7-8FE7-871E7A3A8E8B}.Debug|Win32.Build.0 = Debug|Win32
		{20332DE9-05B7-4AE7-8FE7-871E7A3A8E8B}.Release|Win32.ActiveCfg = Release|Win32
		{20332DE9-05B7-4AE7-8FE7-871E7A3A8E8B}.Release|Win32.Build.0 = Release|Win32
		{B21A7885-274C-47B4-9049-2D8022171ECB}.Debug|Win32.ActiveCfg = Debug|Win32
		{B21A7885-274C-47B4-9049-2D8022171ECB}.Debug|Win32.Build.0 = Debug|Win32
		{B21A7885-274C-47B4-9049-2D8022171ECB}.Release|Win32.ActiveCfg = Release|Win32
		{B21A7885-274C-47B4-9049-2D8022171ECB}.Release|Win32.Build.0 = Release|Win32
		{BD87E2B6-C038-4674-A60D-E597396FB19D}.Debug|Win32.ActiveCfg = Debug|Win32
		{BD87E2B6-C038-4674-A60D-E597396FB19D}.Debug|Win32.Build.0 = Debug|Win32
		{BD87E2B6-C038-4674-A60D-E597396FB19D}.Release|Win32.ActiveCfg = Release|Win32
		{BD87E2B6-C038-4674-A60D-E597396FB19D}.Release|Win32.Build.0 = Release|Win32
		{762B1BBE-A409-4692-97A2-067CD6C68934}.Debug|Win32.ActiveCfg = Debug|Win32
		{762B1BBE-A409-4692-97A2-067CD6C68934}.Debug|Win32.Build.0 = Debug|Win32
		{762B1BBE-A409-4692-97A2-067CD6C68934}.Release|Win32.ActiveCfg = Release|Win32
		{762B1BBE-A409-4692-97A2-067CD6C68934}.Release|Win32.Build.0 = Release|Win32
		{B62FF04C-CD90-4EA6-8A8A-19A0B419880C}.Debug|Win32.ActiveCfg = Debug|Win32
		{B62FF04C-CD90-4EA6-8A8A-19A0B419880C}.Debug|Win32.Build.0 = Debug|Win32
		{B62FF04C-CD90-4EA6-8A8A-19A0B419880C}.Release|Win32.ActiveCfg = Release|Win32
		{B62FF04C-CD90-4EA6-8A8A-19A0B419880C}.Release|Win32.Build.0 = Release|Win32
		{2A16454C-ED17-430B-8589-180A7E6DEF27}.Debug|Win32.ActiveCfg = Debug|Win32
		{2A16454C-ED17-430B-8589-180A7E6DEF27}.Debug|Win32.Build.0 = Debug|Win32
		{2A16454C-ED17-430B-8589-180A7E6DEF27}.Release|Win32.ActiveCfg = Release|Win32
		{2A16454C-ED17-430B-8589-180A7E6DEF27}.Release|Win32.Build.0 = Release|Win32
		{EB03D316-FA6B-40C5-AF91-BE6D5FCF7D01}.Debug|Win32.ActiveCfg = Debug|Win32
		{EB03D316-FA6B-40C5-AF91-BE6D5FCF7D01}.Debug|Win32.Build.0 = Debug|Win32
		{EB03D316-FA6B-40C5-AF91-BE6D5FCF7D01}.Release|Win32.ActiveCfg = Release|Win32
		{EB03D316-FA6B-40C5-AF91-BE6D5FCF7D01}.Release|Win32.Build.0 = Release|Win32
		{3EDAFCE2-A8B9-4FD4-BF73-581843D9A9E5}.Debug|Win32.ActiveCfg = Debug|Win32
		{3EDAFCE2-A8B9-4FD4-BF73-581843D9A9E5}.Debug|Win32.Build.0 = Debug|Win32
		{3EDAFCE2-A8B9-4FD4-BF73-581843D9A9E5}.Release|Win32.ActiveCfg = Release|Win32
		{3EDAFCE2-A8B9-4FD4-BF73-581843D9A9E5}.Release|Win32.Build.0 = Release|Win32
		{BAB8F612-B2C3-4C4C-925B-504DE61AA8F7}.Debug|Win32.ActiveCfg = Debug|Win32
		{BAB8F612-B2C3-4C4C-925B-504DE61AA8F7}.Debug|Win32.Build.0 = Debug|Win32
		{BAB8F612-B2C3-4C4C-925B-504DE61AA8F7}.Release|Win32.ActiveCfg = Release|Win32
		{BAB8F612-B2C3-4C4C-925B-504DE61AA8F7}.Release|Win32.Build.0 = Release|Win32
		{3D699481-ACC8-45C2-BCBF-F33507979968}.Debug|Win32.ActiveCfg = Debug|Win32
		{3D699481-ACC8-45C2-BCBF-F33507979968}.Debug|Win32.Build.0 = Debug|Win32
		{3D699481-ACC8-45C2-BCBF-F33507979968}.Release|Win32.ActiveCfg = Release|Win32
		{3D699481-ACC8-45C2-BCBF-F33507979968}.Release|Win32.Build.0 = Release|Win32
		{39F72422-B307-428F-AA92-3C39712D9519}.Debug|Win32.ActiveCfg = Debug|Win32
		{39F72422-B307-428F-AA92-3C39712D9519}.Debug|Win32.Build.0 = Debug|Win32
		{39F72422-B307-428F-AA92-3C39712D9519}.Release|Win32.ActiveCfg = Release|Win32
		{39F72422-B307-428F-AA92-3C39712D9519}.Release|Win32.Build.0 = Release|Win32
		{E3D17CE3-6278-4443-9741-B92549CDAF1F}.Debug|Win32.ActiveCfg = Debug|Win32
		{E3D17CE3-6278-4443-9741-B92549CDAF1F}.Debug|Win32.Build.0 = Debug|Win32
		{E3D17CE3-6278-4443-9741-B92549CDAF1F}.Release|Win32.ActiveCfg = Release|Win32
		{E3D17CE3-6278-4443-9741-B92549CDAF1F}.Release|Win32.Build.0 = Release|Win32
		{19637F55-291B-4B69-937A-FE04A3C290E7}.Debug|Win32.ActiveCfg = Debug|Win32
		{19637F55-291B-4B69-937A-FE04A3C290E7}.Debug|Win32.Build.0 = Debug|Win32
		{19637F55-291B-4B69-937A-FE04A3C290E7}.Release|Win32.ActiveCfg = Release|Win32
		{19637F55-291B-4B69-937A-FE04A3C290E7}.Release|Win32.Build.0 = Release|Win32
		{CBFBDBF5-9152-40E4-9F62-8AEC7EF347AF}.Debug|Win32.ActiveCfg = Debug|Win32
		{CBFBDBF5-9152-40E4-9F62-8AEC7EF347AF}.Debug|Win32.Build.0 = Debug|Win32
		{CBFBDBF5-9152-40E4-9F62-8AEC7EF347AF}.Release|Win32.ActiveCfg = Release|Win32
		{CBFBDBF5-9152-40E4-9F62-8AEC7EF347AF}.Release|Win32.Build.0 = Release|Win32
		{1A06DE01-B1B5-4A8D-8353-21357AC212CB}.Debug|Win32.ActiveCfg = Debug|Win32
		{1A06DE01-B1B5-4A8D-8353-21357AC212CB}.Debug|Win32.Build.0 = Debug|Win32
		{1A06DE01-B1B5-4A8D-8353-21357AC212CB}.Release|Win32.ActiveCfg = Release|Win32
		{1A06DE01-B1B5-4A8D-8353-21357AC212CB}.Release|Win32.Build.0 = Release|Win32
		{71EC274A-A5B3-4D36-9E14-8F699F6C9EA6}.Debug|Win32.ActiveCfg = Debug|Win32
		{71EC274A-A5B3-4D36-9E14-8F699F6C9EA6}.Debug|Win32.Build.0 = Debug|Win32
		{71EC274A-A5B3-4D36-9E14-8F699F6C9EA6}.Release|Win32.ActiveCfg = Release|Win32
		{71EC274A-A5B3-4D36-9E14-8F699F6C9EA6}.Release|Win32.Build.0 = Release|Win32
		{B493EB8E-FDB9-4DEE-8BDE-EF6DEAEEDE21}.Debug|Win32.ActiveCfg = Debug|Win32
		{B493EB8E-FDB9-4DEE-8BDE-EF6DEAEEDE21}.Debug|Win32.Build.0 = Debug|Win32
		{B493EB8E-FDB9-4DEE-8BDE-EF6DEAEEDE21}.Release|Win32.ActiveCfg = Release|Win32
		{B493EB8E-FDB9-4DEE-8BDE-EF6DEAEEDE21}.Release|Win32.Build.0 = Release|Win32
		{F32B974F-7635-40E6-9D3C-AE2D1701B432}.Debug|Win32.ActiveCfg = Debug|Win32
		{F32B974F-7635-40E6-9D3C-AE2D1701B432}.Debug|Win32.Build.0 = Debug|Win32
		{F32B974F-7635-40E6-9D3C-AE2D1701B432}.Release|Win32.ActiveCfg = Release|Win32
		{F32B974F-7635-40E6-9D3C-AE2D1701B432}.Release|Win32.Build.0 = Release|Win32
		{1D6F732F-3226-4168-89D5-EA6E25A8BEFB}.Debug|Win32.ActiveCfg = Debug|Win32
		{1D6F732F-3226-4168-89D5-EA6E25A8BEFB}.Debug|Win32.Build.0 = Debug|Win32
		{1D6F732F-3226-4168-89D5-EA6E25A8BEFB}.Release|Win32.ActiveCfg = Release|Win32
		{1D6F732F-3226-4168-89D5-EA6E25A8BEFB}.Release|Win32.Build.0 = Release|Win32
		{81396C54-B12C-4216-8240-89BDA475EB4A}.Debug|Win32.ActiveCfg = Debug|Win32
		{81396C54-B12C-4216-8240-89BDA475EB4A}.Debug|Win32.Build.0 = Debug|Win32
		{81396C54-B12C-4216-8240-89BDA475EB4A}.Release|Win32.ActiveCfg = Release|Win32
		{81396C54-B12C-4216-8240-89BDA475EB4A}.Release|Win32.Build.0 = Release|Win32
		{B44D169F-9847-4074-A36A-A3825DD4D4DB}.Debug|Win32.ActiveCfg = Debug|Win32
		{B44D169F-9847-4074-A36A-A3825DD4D4DB}.Debug|Win32.Build.0 = Debug|Win32
		{B44D169F-9847-4074-A36A-A3825DD4D4DB}.Release|Win32.ActiveCfg = Release|Win32
		{B44D169F-9847-4074-A36A-A3825DD4D4DB}.Release|Win32.Build.0 = Release|Win32
		{8538BE79-2D6E-49F6-824E-D523445D4780}.Debug|Win32.ActiveCfg = Debug|Win32
		{8538BE79-2D6E-49F6-824E-D523445D4780}.Debug|Win32.Build.0 = Debug|Win32
		{8538BE79-2D6E-49F6-824E-D523445D4780}.Release|Win32.ActiveCfg = Release|Win32
		{8538BE79-2D6E-49F6-824E-D523445D4780}.Release|Win32.Build.0 = Release|Win32
		{46EBCF64-CC1B-454D-9117-A32582DDB6AE}.Debug|Win32.ActiveCfg = Debug|Win32
		{46EBCF64-CC1B-454D-9117-A32582DDB6AE}.Debug|Win32.Build.0 = Debug|Win32
		{46EBCF64-CC1B-454D-9117-A32582DDB6AE}.Release|Win32.ActiveCfg = Release|Win32
		{46EBCF64-CC1B-454D-9117-A32582DDB6AE}.Release|Win32.Build.0 = Release|Win32
		{ACE0BCA1-77DE-412A-82DB-4DF6CA87CCC9}.Debug|Win32.ActiveCfg = Debug|Win32
		{ACE0BCA1-77DE-412A-82DB-4DF6CA87CCC9}.Debug|Win32.Build.0 = Debug|Win32
		{ACE0BCA1-77DE-412A-82DB-4DF6CA87CCC9}.Release|Win32.ActiveCfg = Release|Win32
		{ACE0BCA1-77DE-412A-82DB-4DF6CA87CCC9}.Release|Win32.Build.0 = Release|Win32
		{E8590146-3EF0-4987-B92E-DFCC393D9ECA}.Debug|Win32.ActiveCfg = Debug|Win32
		{E8590146-3EF0-4987-B92E-DFCC393D9ECA}.Debug|Win32.Build.0 = Debug|Win32
		{E8590146-3EF0-4987-B92E-DFCC393D9ECA}.Release|Win32.ActiveCfg = Release|Win32
		{E8590146-3EF0-4987-B92E-DFCC393D9ECA}.Release|Win32.Build.0 = Release|Win32
		{9F56E6FA-87E0-437E-B65A-E5D161E13DE2}.Debug|Win32.ActiveCfg = Debug|Win32
		{9F56E6FA-87E0-437E-B65A-E5D161E13DE2}.Debug|Win32.Build.0 = Debug|Win32
		{9F56E6FA-87E0-437E-B65A-E5D161E13DE2}.Release|Win32.ActiveCfg = Release|Win32
		{9F56E6FA-87E0-437E-B65A-E5D161E13DE2}.Release|Win32.Build.0 = Release|Win32
		{2FCFD605-52CE-4F52-A840-DEF3B0BE0730}.Debug|Win32.ActiveCfg = Debug|Win32
		{2FCFD605-52CE-4F52-A840-DEF3B0BE0730}.Debug|Win32.Build.0 = Debug|Win32
		{2FCFD605-52CE-4F52-A840-DEF3B0BE0730}.Release|Win32.ActiveCfg = Release|Win32
		{2FCFD605-52CE-4F52-A840-DEF3B0BE0730}.Release|Win32.Build.0 = Release|Win32
		{B84651F9-9918-4864-9CAF-8B0083F3C377}.Debug|Win32.ActiveCfg = Debug|Win32
		{B84651F9-9918-4864-9CAF-8B0083F3C377}.Debug|Win32.Build.0 = Debug|Win32
		{B84651F9-9918-4864-9CAF-8B0083F3C377}.Release|Win32.ActiveCfg = Release|Win32
		{B84651F9-9918-4864-9CAF-8B0083F3C377}.Release|Win32.Build.0 = Release|Win32
		{CEA85446-2E95-4EDB-962C-E05709671DA0}.Debug|Win32.ActiveCfg = Debug|Win32
		{CEA85446-2E95-4EDB-962C-E05709671DA0}.Debug|Win32.Build.0 = Debug|Win32
		{CEA85446-2E95-4EDB-962C-E05709671DA0}.Release|Win32.ActiveCfg = Release|Win32
		{CEA85446-2E95-4EDB-962C-E05709671DA0}.Release|Win32.Build.0 = Release|Win32
		{8540377D-2FB1-41A8-B789-779C95A2DE97}.Debug|Win32.ActiveCfg = Debug|Win32
		{8540377D-2FB1-41A8-B789-779C95A2DE97}.Debug|Win32.Build.0 = Debug|Win32
		{8540377D-2FB1-41A8-B789-779C95A2DE97}.Release|Win32.ActiveCfg = Release|Win32
		{8540377D-2FB1-41A8-B789-779C95A2DE97}.Release|Win32.Build.0 = Release|Win32
		{10CF9F40-6C07-492D-9D46-CC27015319B0}.Debug|Win32.ActiveCfg = Debug|Win32
		{10CF9F40-6C07-492D-9D46-CC27015319B0}.Debug|Win32.Build.0 = Debug|Win32
		{10CF9F40-6C07-492D-9D46-CC27015319B0}.Release|Win32.ActiveCfg = Release|Win32
		{10CF9F40-6C07-492D-9D46-CC27015319B0}.Release|Win32.Build.0 = Release|Win32
		{2C13AB0E-E3FB-43AE-A055-C6684EA47C3D}.Debug|Win32.ActiveCfg = Debug|Win32
		{2C13AB0E-E3FB-43AE-A055-C6684EA47C3D}.Debug|Win32.Build.0 = Debug|Win32
		{2C13AB0E-E3FB-43AE-A055-C6684EA47C3D}.Release|Win32.ActiveCfg = Release|Win32
		{2C13AB0E-E3FB-43AE-A055-C6684EA47C3D}.Release|Win32.Build.0 = Release|Win32
		{768CF156-CE1E-4F38-82BB-A3DD1040928B}.Debug|Win32.ActiveCfg = Debug|Win32
		{768CF156-CE1E-4F38-82BB-A3DD1040928B}.Debug|Win32.Build.0 = Debug|Win32
		{768CF156-CE1E-4F38-82BB-A3DD1040928B}.Release|Win32.ActiveCfg = Release|Win32
		{768CF156-CE1E-4F38-82BB-A3DD1040928B}.Release|Win32.Build.0 = Release|Win32
		{3D2D6C5F-15E8-42B4-9747-15C621A965D3}.Debug|Win32.ActiveCfg = Debug|Win32
		{3D2D6C5F-15E8-42B4-9747-15C621A965D3}.Debug|Win32.Build.0 = Debug|Win32
		{3D2D6C5F-15E8-42B4-9747-15C621A965D3}.Release|Win32.ActiveCfg = Release|Win32
		{3D2D6C5F-15E8-42B4-9747-15C621A965D3}.Release|Win32.Build.0 = Release|Win32
		{CC74C382-12C3-46E2-A394-FDBD9155407D}.Debug|Win32.ActiveCfg = Debug|Win32
		{CC74C382-12C3-46E2-A394-FDBD9155407D}.Debug|Win32.Build.0 = Debug|Win32
		{CC74C382-12C3-46E2-A394-FDBD9155407D}.Release|Win32.ActiveCfg = Release|Win32
		{CC74C382-12C3-46E2-A394-FDBD9155407D}.Release|Win32.Build.0 = Release|Win32
		{F0601F7C-5021-4E0D-BF4B-5648D31AEE09}.Debug|Win32.ActiveCfg = Debug|Win32
		{F0601F7C-5021-4E0D-BF4B-5648D31AEE09}.Debug|Win32.Build.0 = Debug|Win32
		{F0601F7C-5021-4E0D-BF4B-5648D31AEE09}.Release|Win32.ActiveCfg = Release|Win32
		{F0601F7C-5021-4E0D-BF4B-5648D31AEE09}.Release|Win32.Build.0 = Release|Win32
		{CF72A41F-09A9-40A3-A36D-70ACA1BB285B}.Debug|Win32.ActiveCfg = Debug|Win32
		{CF72A41F-09A9-40A3-A36D-70ACA1BB285B}.Debug|Win32.Build.0 = Debug|Win32
		{CF72A41F-09A9-40A3-A36D-70ACA1BB285B}.Release|Win32.ActiveCfg = Release|Win32
		{CF72A41F-09A9-40A3-A36D-70ACA1BB285B}.Release|Win32.Build.0 = Release|Win32
		{3CBD3561-687B-44C9-A3C3-F8E25E8F563F}.Debug|Win32.ActiveCfg = Debug|Win32
		{3CBD3561-687B-44C9-A3C3-F8E25E8F563F}.Debug|Win32.Build.0 = Debug|Win32
		{3CBD3561-687B-44C9-A3C3-F8E25E8F563F}.Release|Win32.ActiveCfg = Release|Win32
		{3CBD3561-687B-44C9-A3C3-F8E25E8F563F}.Release|Win32.Build.0 = Release|Win32
		{96087BB1-D0C4-459F-8B24-35C61A82BBD1}.Debug|Win32.ActiveCfg = Debug|Win32
		{96087BB1-D0C4-459F-8B24-35C61A82BBD1}.Debug|Win32.Build.0 = Debug|Win32
		{96087BB1-D0C4-459F-8B24-35C61A82BBD1}.Release|Win32.ActiveCfg = Release|Win32
		{96087BB1-D0C4-459F-8B24-35C61A82BBD1}.Release|Win32.Build.0 = Release|Win32
		{B50370E5-8B9E-4605-8187-0568AE4F0EAE}.Debug|Win32.ActiveCfg = Debug|Win32
		{B50370E5-8B9E-4605-8187-0568AE4F0EAE}.Debug|Win32.Build.0 = Debug|Win32
		{B50370E5-8B9E-4605-8187-0568AE4F0EAE}.Release|Win32.ActiveCfg = Release|Win32
		{B50370E5-8B9E-4605-8187-0568AE4F0EAE}.Release|Win32.Build.0 = Release|Win32
		{C926C5AD-D27A-4D57-AD7B-48905A978228}.Debug|Win32.ActiveCfg = Debug|Win32
		{C926C5AD-D27A-4D57-AD7B-48905A978228}.Debug|Win32.Build.0 = Debug|Win32
		{C926C5AD-D27A-4D57-AD7B-48905A978228}.Release|Win32.ActiveCfg = Release|Win32
		{C926C5AD-D27A-4D57-AD7B-48905A978228}.Release|Win32.Build.0 = Release|Win32
		{B571CE5B-D8D8-48F3-8C04-7881EE5039FB}.Debug|Win32.ActiveCfg = Debug|Win32
		{B571CE5B-D8D8-48F3-8C04-7881EE5039FB}.Debug|Win32.Build.0 = Debug|Win32
		{B571CE5B-D8D8-48F3-8C04-7881EE5039FB}.Release|Win32.ActiveCfg = Release|Win32
		{B571CE5B-D8D8-48F3-8C04-7881EE5039FB}.Release|Win32.Build.0 = Release|Win32
		{153B20B3-A9FC-42B3-8DF8-5AF921F8AA7C}.Debug|Win32.ActiveCfg = Debug|Win32
		{153B20B3-A9FC-42B3-8DF8-5AF921F8AA7C}.Debug|Win32.Build.0 = Debug|Win32
		{153B20B3-A9FC-42B3-8DF8-5AF921F8AA7C}.Release|Win32.ActiveCfg = Release|Win32
		{153B20B3-A9FC-42B3-8DF8-5AF921F8AA7C}.Release|Win32.Build.0 = Release|Win32
		{5B89EE2B-3F00-404C-BF40-8A19FAFA49D8}.Debug|Win32.ActiveCfg = Debug|Win32
		{5B89EE2B-3F00-404C-BF40-8A19FAFA49D8}.Debug|Win32.Build.0 = Debug|Win32
		{5B89EE2B-3F00-404C-BF40-8A19FAFA49D8}.Release|Win32.ActiveCfg = Release|Win32
		{5B89EE2B-3F00-404C-BF40-8A19FAFA49D8}.Release|Win32.Build.0 = Release|Win32
		{C9EAE432-E264-4DE3-B214-EE95A5BF5611}.Debug|Win32.ActiveCfg = Debug|Win32
		{C9EAE432-E264-4DE3-B214-EE95A5BF5611}.Debug|Win32.Build.0 = Debug|Win32
		{C9EAE432-E264-4DE3-B214-EE95A5BF5611}.Release|Win32.ActiveCfg = Release|Win32
		{C9EAE432-E264-4DE3-B214-EE95A5BF5611}.Release|Win32.Build.0 = Release|Win32
		{63DA9C7D-05C4-49FC-A609-E117B92D42B6}.Debug|Win32.ActiveCfg = Debug|Win32
		{63DA9C7D-05C4-49FC-A609-E117B92D42B6}.Debug|Win32.Build.0 = Debug|Win32
		{63DA9C7D-05C4-49FC-A609-E117B92D42B6}.Release|Win32.ActiveCfg = Release|Win32
		{63DA9C7D-05C4-49FC-A609-E117B92D42B6}.Release|Win32.Build.0 = Release|Win32
		{70FBC271-D313-4E9F-BA91-90C3992EE96B}.Debug|Win32.ActiveCfg = Debug|Win32
		{70FBC271-D313-4E9F-BA91-90C3992EE96B}.Debug|Win32.Build.0 = Debug|Win32
		{70FBC271-D313-4E9F-BA91-90C3992EE96B}.Release|Win32.ActiveCfg = Release|Win32
		{70FBC271-D313-4E9F-BA91-90C3992EE96B}.Release|Win32.Build.0 = Release|Win32
		{4967FC28-789A-4401-928A-8BE22B209DF9}.Debug|Win32.ActiveCfg = Debug|Win32
		{4967FC28-789A-4401-928A-8BE22B209DF9}.Debug|Win32.Build.0 = Debug|Win32
		{4967FC28-789A-4401-928A-8BE22B209DF9}.Release|Win32.ActiveCfg = Release|Win32
		{4967FC28-789A-4401-928A-8BE22B209DF9}.Release|Win32.Build.0 = Release|Win32
	EndGlobalSection
	GlobalSection(SolutionProperties) = preSolution
		HideSolutionNode = FALSE
	EndGlobalSection
EndGlobal
